// !$*UTF8*$!
{
	archiveVersion = 1;
	classes = {
	};
	objectVersion = 50;
	objects = {

/* Begin PBXBuildFile section */
		E45E86EA2408D5C700052B2E /* AppDelegate.swift in Sources */ = {isa = PBXBuildFile; fileRef = E45E86E92408D5C700052B2E /* AppDelegate.swift */; };
		E45E86EC2408D5C700052B2E /* ViewController.swift in Sources */ = {isa = PBXBuildFile; fileRef = E45E86EB2408D5C700052B2E /* ViewController.swift */; };
		E45E86EF2408D5C700052B2E /* Main.storyboard in Resources */ = {isa = PBXBuildFile; fileRef = E45E86ED2408D5C700052B2E /* Main.storyboard */; };
		E45E86F12408D5CA00052B2E /* Assets.xcassets in Resources */ = {isa = PBXBuildFile; fileRef = E45E86F02408D5CA00052B2E /* Assets.xcassets */; };
		E45E86F42408D5CA00052B2E /* LaunchScreen.storyboard in Resources */ = {isa = PBXBuildFile; fileRef = E45E86F22408D5CA00052B2E /* LaunchScreen.storyboard */; };
		E45E86FF2408D5CA00052B2E /* swift_helloworldTests.swift in Sources */ = {isa = PBXBuildFile; fileRef = E45E86FE2408D5CA00052B2E /* swift_helloworldTests.swift */; };
		E45E870A2408D5CA00052B2E /* swift_helloworldUITests.swift in Sources */ = {isa = PBXBuildFile; fileRef = E45E87092408D5CA00052B2E /* swift_helloworldUITests.swift */; };
/* End PBXBuildFile section */

/* Begin PBXContainerItemProxy section */
		E45E86FB2408D5CA00052B2E /* PBXContainerItemProxy */ = {
			isa = PBXContainerItemProxy;
			containerPortal = E45E86DE2408D5C700052B2E /* Project object */;
			proxyType = 1;
			remoteGlobalIDString = E45E86E52408D5C700052B2E;
			remoteInfo = "swift-helloworld";
		};
		E45E87062408D5CA00052B2E /* PBXContainerItemProxy */ = {
			isa = PBXContainerItemProxy;
			containerPortal = E45E86DE2408D5C700052B2E /* Project object */;
			proxyType = 1;
			remoteGlobalIDString = E45E86E52408D5C700052B2E;
			remoteInfo = "swift-helloworld";
		};
/* End PBXContainerItemProxy section */

/* Begin PBXFileReference section */
		E45E86E62408D5C700052B2E /* swift-helloworld.app */ = {isa = PBXFileReference; explicitFileType = wrapper.application; includeInIndex = 0; path = "swift-helloworld.app"; sourceTree = BUILT_PRODUCTS_DIR; };
		E45E86E92408D5C700052B2E /* AppDelegate.swift */ = {isa = PBXFileReference; lastKnownFileType = sourcecode.swift; path = AppDelegate.swift; sourceTree = "<group>"; };
		E45E86EB2408D5C700052B2E /* ViewController.swift */ = {isa = PBXFileReference; lastKnownFileType = sourcecode.swift; path = ViewController.swift; sourceTree = "<group>"; };
		E45E86EE2408D5C700052B2E /* Base */ = {isa = PBXFileReference; lastKnownFileType = file.storyboard; name = Base; path = Base.lproj/Main.storyboard; sourceTree = "<group>"; };
		E45E86F02408D5CA00052B2E /* Assets.xcassets */ = {isa = PBXFileReference; lastKnownFileType = folder.assetcatalog; path = Assets.xcassets; sourceTree = "<group>"; };
		E45E86F32408D5CA00052B2E /* Base */ = {isa = PBXFileReference; lastKnownFileType = file.storyboard; name = Base; path = Base.lproj/LaunchScreen.storyboard; sourceTree = "<group>"; };
		E45E86F52408D5CA00052B2E /* Info.plist */ = {isa = PBXFileReference; lastKnownFileType = text.plist.xml; path = Info.plist; sourceTree = "<group>"; };
		E45E86FA2408D5CA00052B2E /* swift-helloworldTests.xctest */ = {isa = PBXFileReference; explicitFileType = wrapper.cfbundle; includeInIndex = 0; path = "swift-helloworldTests.xctest"; sourceTree = BUILT_PRODUCTS_DIR; };
		E45E86FE2408D5CA00052B2E /* swift_helloworldTests.swift */ = {isa = PBXFileReference; lastKnownFileType = sourcecode.swift; path = swift_helloworldTests.swift; sourceTree = "<group>"; };
		E45E87002408D5CA00052B2E /* Info.plist */ = {isa = PBXFileReference; lastKnownFileType = text.plist.xml; path = Info.plist; sourceTree = "<group>"; };
		E45E87052408D5CA00052B2E /* swift-helloworldUITests.xctest */ = {isa = PBXFileReference; explicitFileType = wrapper.cfbundle; includeInIndex = 0; path = "swift-helloworldUITests.xctest"; sourceTree = BUILT_PRODUCTS_DIR; };
		E45E87092408D5CA00052B2E /* swift_helloworldUITests.swift */ = {isa = PBXFileReference; lastKnownFileType = sourcecode.swift; path = swift_helloworldUITests.swift; sourceTree = "<group>"; };
		E45E870B2408D5CA00052B2E /* Info.plist */ = {isa = PBXFileReference; lastKnownFileType = text.plist.xml; path = Info.plist; sourceTree = "<group>"; };
/* End PBXFileReference section */

/* Begin PBXFrameworksBuildPhase section */
		E45E86E32408D5C700052B2E /* Frameworks */ = {
			isa = PBXFrameworksBuildPhase;
			buildActionMask = 2147483647;
			files = (
			);
			runOnlyForDeploymentPostprocessing = 0;
		};
		E45E86F72408D5CA00052B2E /* Frameworks */ = {
			isa = PBXFrameworksBuildPhase;
			buildActionMask = 2147483647;
			files = (
			);
			runOnlyForDeploymentPostprocessing = 0;
		};
		E45E87022408D5CA00052B2E /* Frameworks */ = {
			isa = PBXFrameworksBuildPhase;
			buildActionMask = 2147483647;
			files = (
			);
			runOnlyForDeploymentPostprocessing = 0;
		};
/* End PBXFrameworksBuildPhase section */

/* Begin PBXGroup section */
		E45E86DD2408D5C700052B2E = {
			isa = PBXGroup;
			children = (
				E45E86E82408D5C700052B2E /* swift-helloworld */,
				E45E86FD2408D5CA00052B2E /* swift-helloworldTests */,
				E45E87082408D5CA00052B2E /* swift-helloworldUITests */,
				E45E86E72408D5C700052B2E /* Products */,
			);
			sourceTree = "<group>";
		};
		E45E86E72408D5C700052B2E /* Products */ = {
			isa = PBXGroup;
			children = (
				E45E86E62408D5C700052B2E /* swift-helloworld.app */,
				E45E86FA2408D5CA00052B2E /* swift-helloworldTests.xctest */,
				E45E87052408D5CA00052B2E /* swift-helloworldUITests.xctest */,
			);
			name = Products;
			sourceTree = "<group>";
		};
		E45E86E82408D5C700052B2E /* swift-helloworld */ = {
			isa = PBXGroup;
			children = (
				E45E86E92408D5C700052B2E /* AppDelegate.swift */,
				E45E86EB2408D5C700052B2E /* ViewController.swift */,
				E45E86ED2408D5C700052B2E /* Main.storyboard */,
				E45E86F02408D5CA00052B2E /* Assets.xcassets */,
				E45E86F22408D5CA00052B2E /* LaunchScreen.storyboard */,
				E45E86F52408D5CA00052B2E /* Info.plist */,
			);
			path = "swift-helloworld";
			sourceTree = "<group>";
		};
		E45E86FD2408D5CA00052B2E /* swift-helloworldTests */ = {
			isa = PBXGroup;
			children = (
				E45E86FE2408D5CA00052B2E /* swift_helloworldTests.swift */,
				E45E87002408D5CA00052B2E /* Info.plist */,
			);
			path = "swift-helloworldTests";
			sourceTree = "<group>";
		};
		E45E87082408D5CA00052B2E /* swift-helloworldUITests */ = {
			isa = PBXGroup;
			children = (
				E45E87092408D5CA00052B2E /* swift_helloworldUITests.swift */,
				E45E870B2408D5CA00052B2E /* Info.plist */,
			);
			path = "swift-helloworldUITests";
			sourceTree = "<group>";
		};
/* End PBXGroup section */

/* Begin PBXNativeTarget section */
		E45E86E52408D5C700052B2E /* swift-helloworld */ = {
			isa = PBXNativeTarget;
			buildConfigurationList = E45E870E2408D5CA00052B2E /* Build configuration list for PBXNativeTarget "swift-helloworld" */;
			buildPhases = (
				E45E86E22408D5C700052B2E /* Sources */,
				E45E86E32408D5C700052B2E /* Frameworks */,
				E45E86E42408D5C700052B2E /* Resources */,
			);
			buildRules = (
			);
			dependencies = (
			);
			name = "swift-helloworld";
			productName = "swift-helloworld";
			productReference = E45E86E62408D5C700052B2E /* swift-helloworld.app */;
			productType = "com.apple.product-type.application";
		};
		E45E86F92408D5CA00052B2E /* swift-helloworldTests */ = {
			isa = PBXNativeTarget;
			buildConfigurationList = E45E87112408D5CA00052B2E /* Build configuration list for PBXNativeTarget "swift-helloworldTests" */;
			buildPhases = (
				E45E86F62408D5CA00052B2E /* Sources */,
				E45E86F72408D5CA00052B2E /* Frameworks */,
				E45E86F82408D5CA00052B2E /* Resources */,
			);
			buildRules = (
			);
			dependencies = (
				E45E86FC2408D5CA00052B2E /* PBXTargetDependency */,
			);
			name = "swift-helloworldTests";
			productName = "swift-helloworldTests";
			productReference = E45E86FA2408D5CA00052B2E /* swift-helloworldTests.xctest */;
			productType = "com.apple.product-type.bundle.unit-test";
		};
		E45E87042408D5CA00052B2E /* swift-helloworldUITests */ = {
			isa = PBXNativeTarget;
			buildConfigurationList = E45E87142408D5CA00052B2E /* Build configuration list for PBXNativeTarget "swift-helloworldUITests" */;
			buildPhases = (
				E45E87012408D5CA00052B2E /* Sources */,
				E45E87022408D5CA00052B2E /* Frameworks */,
				E45E87032408D5CA00052B2E /* Resources */,
			);
			buildRules = (
			);
			dependencies = (
				E45E87072408D5CA00052B2E /* PBXTargetDependency */,
			);
			name = "swift-helloworldUITests";
			productName = "swift-helloworldUITests";
			productReference = E45E87052408D5CA00052B2E /* swift-helloworldUITests.xctest */;
			productType = "com.apple.product-type.bundle.ui-testing";
		};
/* End PBXNativeTarget section */

/* Begin PBXProject section */
		E45E86DE2408D5C700052B2E /* Project object */ = {
			isa = PBXProject;
			attributes = {
				LastSwiftUpdateCheck = 1010;
				LastUpgradeCheck = 1010;
				ORGANIZATIONNAME = "Thedoore Gerald Leonard";
				TargetAttributes = {
					E45E86E52408D5C700052B2E = {
						CreatedOnToolsVersion = 10.1;
					};
					E45E86F92408D5CA00052B2E = {
						CreatedOnToolsVersion = 10.1;
						TestTargetID = E45E86E52408D5C700052B2E;
					};
					E45E87042408D5CA00052B2E = {
						CreatedOnToolsVersion = 10.1;
						TestTargetID = E45E86E52408D5C700052B2E;
					};
				};
			};
			buildConfigurationList = E45E86E12408D5C700052B2E /* Build configuration list for PBXProject "swift-helloworld" */;
			compatibilityVersion = "Xcode 9.3";
			developmentRegion = en;
			hasScannedForEncodings = 0;
			knownRegions = (
				en,
				Base,
			);
			mainGroup = E45E86DD2408D5C700052B2E;
			productRefGroup = E45E86E72408D5C700052B2E /* Products */;
			projectDirPath = "";
			projectRoot = "";
			targets = (
				E45E86E52408D5C700052B2E /* swift-helloworld */,
				E45E86F92408D5CA00052B2E /* swift-helloworldTests */,
				E45E87042408D5CA00052B2E /* swift-helloworldUITests */,
			);
		};
/* End PBXProject section */

/* Begin PBXResourcesBuildPhase section */
		E45E86E42408D5C700052B2E /* Resources */ = {
			isa = PBXResourcesBuildPhase;
			buildActionMask = 2147483647;
			files = (
				E45E86F42408D5CA00052B2E /* LaunchScreen.storyboard in Resources */,
				E45E86F12408D5CA00052B2E /* Assets.xcassets in Resources */,
				E45E86EF2408D5C700052B2E /* Main.storyboard in Resources */,
			);
			runOnlyForDeploymentPostprocessing = 0;
		};
		E45E86F82408D5CA00052B2E /* Resources */ = {
			isa = PBXResourcesBuildPhase;
			buildActionMask = 2147483647;
			files = (
			);
			runOnlyForDeploymentPostprocessing = 0;
		};
		E45E87032408D5CA00052B2E /* Resources */ = {
			isa = PBXResourcesBuildPhase;
			buildActionMask = 2147483647;
			files = (
			);
			runOnlyForDeploymentPostprocessing = 0;
		};
/* End PBXResourcesBuildPhase section */

/* Begin PBXSourcesBuildPhase section */
		E45E86E22408D5C700052B2E /* Sources */ = {
			isa = PBXSourcesBuildPhase;
			buildActionMask = 2147483647;
			files = (
				E45E86EC2408D5C700052B2E /* ViewController.swift in Sources */,
				E45E86EA2408D5C700052B2E /* AppDelegate.swift in Sources */,
			);
			runOnlyForDeploymentPostprocessing = 0;
		};
		E45E86F62408D5CA00052B2E /* Sources */ = {
			isa = PBXSourcesBuildPhase;
			buildActionMask = 2147483647;
			files = (
				E45E86FF2408D5CA00052B2E /* swift_helloworldTests.swift in Sources */,
			);
			runOnlyForDeploymentPostprocessing = 0;
		};
		E45E87012408D5CA00052B2E /* Sources */ = {
			isa = PBXSourcesBuildPhase;
			buildActionMask = 2147483647;
			files = (
				E45E870A2408D5CA00052B2E /* swift_helloworldUITests.swift in Sources */,
			);
			runOnlyForDeploymentPostprocessing = 0;
		};
/* End PBXSourcesBuildPhase section */

/* Begin PBXTargetDependency section */
		E45E86FC2408D5CA00052B2E /* PBXTargetDependency */ = {
			isa = PBXTargetDependency;
			target = E45E86E52408D5C700052B2E /* swift-helloworld */;
			targetProxy = E45E86FB2408D5CA00052B2E /* PBXContainerItemProxy */;
		};
		E45E87072408D5CA00052B2E /* PBXTargetDependency */ = {
			isa = PBXTargetDependency;
			target = E45E86E52408D5C700052B2E /* swift-helloworld */;
			targetProxy = E45E87062408D5CA00052B2E /* PBXContainerItemProxy */;
		};
/* End PBXTargetDependency section */

/* Begin PBXVariantGroup section */
		E45E86ED2408D5C700052B2E /* Main.storyboard */ = {
			isa = PBXVariantGroup;
			children = (
				E45E86EE2408D5C700052B2E /* Base */,
			);
			name = Main.storyboard;
			sourceTree = "<group>";
		};
		E45E86F22408D5CA00052B2E /* LaunchScreen.storyboard */ = {
			isa = PBXVariantGroup;
			children = (
				E45E86F32408D5CA00052B2E /* Base */,
			);
			name = LaunchScreen.storyboard;
			sourceTree = "<group>";
		};
/* End PBXVariantGroup section */

/* Begin XCBuildConfiguration section */
		E45E870C2408D5CA00052B2E /* Debug */ = {
			isa = XCBuildConfiguration;
			buildSettings = {
				ALWAYS_SEARCH_USER_PATHS = NO;
				CLANG_ANALYZER_NONNULL = YES;
				CLANG_ANALYZER_NUMBER_OBJECT_CONVERSION = YES_AGGRESSIVE;
				CLANG_CXX_LANGUAGE_STANDARD = "gnu++14";
				CLANG_CXX_LIBRARY = "libc++";
				CLANG_ENABLE_MODULES = YES;
				CLANG_ENABLE_OBJC_ARC = YES;
				CLANG_ENABLE_OBJC_WEAK = YES;
				CLANG_WARN_BLOCK_CAPTURE_AUTORELEASING = YES;
				CLANG_WARN_BOOL_CONVERSION = YES;
				CLANG_WARN_COMMA = YES;
				CLANG_WARN_CONSTANT_CONVERSION = YES;
				CLANG_WARN_DEPRECATED_OBJC_IMPLEMENTATIONS = YES;
				CLANG_WARN_DIRECT_OBJC_ISA_USAGE = YES_ERROR;
				CLANG_WARN_DOCUMENTATION_COMMENTS = YES;
				CLANG_WARN_EMPTY_BODY = YES;
				CLANG_WARN_ENUM_CONVERSION = YES;
				CLANG_WARN_INFINITE_RECURSION = YES;
				CLANG_WARN_INT_CONVERSION = YES;
				CLANG_WARN_NON_LITERAL_NULL_CONVERSION = YES;
				CLANG_WARN_OBJC_IMPLICIT_RETAIN_SELF = YES;
				CLANG_WARN_OBJC_LITERAL_CONVERSION = YES;
				CLANG_WARN_OBJC_ROOT_CLASS = YES_ERROR;
				CLANG_WARN_RANGE_LOOP_ANALYSIS = YES;
				CLANG_WARN_STRICT_PROTOTYPES = YES;
				CLANG_WARN_SUSPICIOUS_MOVE = YES;
				CLANG_WARN_UNGUARDED_AVAILABILITY = YES_AGGRESSIVE;
				CLANG_WARN_UNREACHABLE_CODE = YES;
				CLANG_WARN__DUPLICATE_METHOD_MATCH = YES;
				CODE_SIGN_IDENTITY = "iPhone Developer";
				COPY_PHASE_STRIP = NO;
				DEBUG_INFORMATION_FORMAT = dwarf;
				ENABLE_STRICT_OBJC_MSGSEND = YES;
				ENABLE_TESTABILITY = YES;
				GCC_C_LANGUAGE_STANDARD = gnu11;
				GCC_DYNAMIC_NO_PIC = NO;
				GCC_NO_COMMON_BLOCKS = YES;
				GCC_OPTIMIZATION_LEVEL = 0;
				GCC_PREPROCESSOR_DEFINITIONS = (
					"DEBUG=1",
					"$(inherited)",
				);
				GCC_WARN_64_TO_32_BIT_CONVERSION = YES;
				GCC_WARN_ABOUT_RETURN_TYPE = YES_ERROR;
				GCC_WARN_UNDECLARED_SELECTOR = YES;
				GCC_WARN_UNINITIALIZED_AUTOS = YES_AGGRESSIVE;
				GCC_WARN_UNUSED_FUNCTION = YES;
				GCC_WARN_UNUSED_VARIABLE = YES;
				IPHONEOS_DEPLOYMENT_TARGET = 12.1;
				MTL_ENABLE_DEBUG_INFO = INCLUDE_SOURCE;
				MTL_FAST_MATH = YES;
				ONLY_ACTIVE_ARCH = YES;
				SDKROOT = iphoneos;
				SWIFT_ACTIVE_COMPILATION_CONDITIONS = DEBUG;
				SWIFT_OPTIMIZATION_LEVEL = "-Onone";
			};
			name = Debug;
		};
		E45E870D2408D5CA00052B2E /* Release */ = {
			isa = XCBuildConfiguration;
			buildSettings = {
				ALWAYS_SEARCH_USER_PATHS = NO;
				CLANG_ANALYZER_NONNULL = YES;
				CLANG_ANALYZER_NUMBER_OBJECT_CONVERSION = YES_AGGRESSIVE;
				CLANG_CXX_LANGUAGE_STANDARD = "gnu++14";
				CLANG_CXX_LIBRARY = "libc++";
				CLANG_ENABLE_MODULES = YES;
				CLANG_ENABLE_OBJC_ARC = YES;
				CLANG_ENABLE_OBJC_WEAK = YES;
				CLANG_WARN_BLOCK_CAPTURE_AUTORELEASING = YES;
				CLANG_WARN_BOOL_CONVERSION = YES;
				CLANG_WARN_COMMA = YES;
				CLANG_WARN_CONSTANT_CONVERSION = YES;
				CLANG_WARN_DEPRECATED_OBJC_IMPLEMENTATIONS = YES;
				CLANG_WARN_DIRECT_OBJC_ISA_USAGE = YES_ERROR;
				CLANG_WARN_DOCUMENTATION_COMMENTS = YES;
				CLANG_WARN_EMPTY_BODY = YES;
				CLANG_WARN_ENUM_CONVERSION = YES;
				CLANG_WARN_INFINITE_RECURSION = YES;
				CLANG_WARN_INT_CONVERSION = YES;
				CLANG_WARN_NON_LITERAL_NULL_CONVERSION = YES;
				CLANG_WARN_OBJC_IMPLICIT_RETAIN_SELF = YES;
				CLANG_WARN_OBJC_LITERAL_CONVERSION = YES;
				CLANG_WARN_OBJC_ROOT_CLASS = YES_ERROR;
				CLANG_WARN_RANGE_LOOP_ANALYSIS = YES;
				CLANG_WARN_STRICT_PROTOTYPES = YES;
				CLANG_WARN_SUSPICIOUS_MOVE = YES;
				CLANG_WARN_UNGUARDED_AVAILABILITY = YES_AGGRESSIVE;
				CLANG_WARN_UNREACHABLE_CODE = YES;
				CLANG_WARN__DUPLICATE_METHOD_MATCH = YES;
				CODE_SIGN_IDENTITY = "iPhone Developer";
				COPY_PHASE_STRIP = NO;
				DEBUG_INFORMATION_FORMAT = "dwarf-with-dsym";
				ENABLE_NS_ASSERTIONS = NO;
				ENABLE_STRICT_OBJC_MSGSEND = YES;
				GCC_C_LANGUAGE_STANDARD = gnu11;
				GCC_NO_COMMON_BLOCKS = YES;
				GCC_WARN_64_TO_32_BIT_CONVERSION = YES;
				GCC_WARN_ABOUT_RETURN_TYPE = YES_ERROR;
				GCC_WARN_UNDECLARED_SELECTOR = YES;
				GCC_WARN_UNINITIALIZED_AUTOS = YES_AGGRESSIVE;
				GCC_WARN_UNUSED_FUNCTION = YES;
				GCC_WARN_UNUSED_VARIABLE = YES;
				IPHONEOS_DEPLOYMENT_TARGET = 12.1;
				MTL_ENABLE_DEBUG_INFO = NO;
				MTL_FAST_MATH = YES;
				SDKROOT = iphoneos;
				SWIFT_COMPILATION_MODE = wholemodule;
				SWIFT_OPTIMIZATION_LEVEL = "-O";
				VALIDATE_PRODUCT = YES;
			};
			name = Release;
		};
		E45E870F2408D5CA00052B2E /* Debug */ = {
			isa = XCBuildConfiguration;
			buildSettings = {
				ASSETCATALOG_COMPILER_APPICON_NAME = AppIcon;
				CODE_SIGN_STYLE = Automatic;
				INFOPLIST_FILE = "swift-helloworld/Info.plist";
				LD_RUNPATH_SEARCH_PATHS = (
					"$(inherited)",
					"@executable_path/Frameworks",
				);
				PRODUCT_BUNDLE_IDENTIFIER = "com.sandkay.swift-helloworld";
				PRODUCT_NAME = "$(TARGET_NAME)";
				SWIFT_VERSION = 4.2;
				TARGETED_DEVICE_FAMILY = "1,2";
			};
			name = Debug;
		};
		E45E87102408D5CA00052B2E /* Release */ = {
			isa = XCBuildConfiguration;
			buildSettings = {
				ASSETCATALOG_COMPILER_APPICON_NAME = AppIcon;
				CODE_SIGN_STYLE = Automatic;
				INFOPLIST_FILE = "swift-helloworld/Info.plist";
				LD_RUNPATH_SEARCH_PATHS = (
					"$(inherited)",
					"@executable_path/Frameworks",
				);
				PRODUCT_BUNDLE_IDENTIFIER = "com.sandkay.swift-helloworld";
				PRODUCT_NAME = "$(TARGET_NAME)";
				SWIFT_VERSION = 4.2;
				TARGETED_DEVICE_FAMILY = "1,2";
			};
			name = Release;
		};
		E45E87122408D5CA00052B2E /* Debug */ = {
			isa = XCBuildConfiguration;
			buildSettings = {
				ALWAYS_EMBED_SWIFT_STANDARD_LIBRARIES = YES;
				BUNDLE_LOADER = "$(TEST_HOST)";
				CODE_SIGN_STYLE = Automatic;
				INFOPLIST_FILE = "swift-helloworldTests/Info.plist";
				LD_RUNPATH_SEARCH_PATHS = (
					"$(inherited)",
					"@executable_path/Frameworks",
					"@loader_path/Frameworks",
				);
				PRODUCT_BUNDLE_IDENTIFIER = "com.sandkay.swift-helloworldTests";
				PRODUCT_NAME = "$(TARGET_NAME)";
				SWIFT_VERSION = 4.2;
				TARGETED_DEVICE_FAMILY = "1,2";
				TEST_HOST = "$(BUILT_PRODUCTS_DIR)/swift-helloworld.app/swift-helloworld";
			};
			name = Debug;
		};
		E45E87132408D5CA00052B2E /* Release */ = {
			isa = XCBuildConfiguration;
			buildSettings = {
				ALWAYS_EMBED_SWIFT_STANDARD_LIBRARIES = YES;
				BUNDLE_LOADER = "$(TEST_HOST)";
				CODE_SIGN_STYLE = Automatic;
				INFOPLIST_FILE = "swift-helloworldTests/Info.plist";
				LD_RUNPATH_SEARCH_PATHS = (
					"$(inherited)",
					"@executable_path/Frameworks",
					"@loader_path/Frameworks",
				);
				PRODUCT_BUNDLE_IDENTIFIER = "com.sandkay.swift-helloworldTests";
				PRODUCT_NAME = "$(TARGET_NAME)";
				SWIFT_VERSION = 4.2;
				TARGETED_DEVICE_FAMILY = "1,2";
				TEST_HOST = "$(BUILT_PRODUCTS_DIR)/swift-helloworld.app/swift-helloworld";
			};
			name = Release;
		};
		E45E87152408D5CA00052B2E /* Debug */ = {
			isa = XCBuildConfiguration;
			buildSettings = {
				ALWAYS_EMBED_SWIFT_STANDARD_LIBRARIES = YES;
				CODE_SIGN_STYLE = Automatic;
				INFOPLIST_FILE = "swift-helloworldUITests/Info.plist";
				LD_RUNPATH_SEARCH_PATHS = (
					"$(inherited)",
					"@executable_path/Frameworks",
					"@loader_path/Frameworks",
				);
				PRODUCT_BUNDLE_IDENTIFIER = "com.sandkay.swift-helloworldUITests";
				PRODUCT_NAME = "$(TARGET_NAME)";
				SWIFT_VERSION = 4.2;
				TARGETED_DEVICE_FAMILY = "1,2";
				TEST_TARGET_NAME = "swift-helloworld";
			};
			name = Debug;
		};
		E45E87162408D5CA00052B2E /* Release */ = {
			isa = XCBuildConfiguration;
			buildSettings = {
				ALWAYS_EMBED_SWIFT_STANDARD_LIBRARIES = YES;
				CODE_SIGN_STYLE = Automatic;
				INFOPLIST_FILE = "swift-helloworldUITests/Info.plist";
				LD_RUNPATH_SEARCH_PATHS = (
					"$(inherited)",
					"@executable_path/Frameworks",
					"@loader_path/Frameworks",
				);
				PRODUCT_BUNDLE_IDENTIFIER = "com.sandkay.swift-helloworldUITests";
				PRODUCT_NAME = "$(TARGET_NAME)";
				SWIFT_VERSION = 4.2;
				TARGETED_DEVICE_FAMILY = "1,2";
				TEST_TARGET_NAME = "swift-helloworld";
			};
			name = Release;
		};
/* End XCBuildConfiguration section */

/* Begin XCConfigurationList section */
		E45E86E12408D5C700052B2E /* Build configuration list for PBXProject "swift-helloworld" */ = {
			isa = XCConfigurationList;
			buildConfigurations = (
				E45E870C2408D5CA00052B2E /* Debug */,
				E45E870D2408D5CA00052B2E /* Release */,
			);
			defaultConfigurationIsVisible = 0;
			defaultConfigurationName = Release;
		};
		E45E870E2408D5CA00052B2E /* Build configuration list for PBXNativeTarget "swift-helloworld" */ = {
			isa = XCConfigurationList;
			buildConfigurations = (
				E45E870F2408D5CA00052B2E /* Debug */,
				E45E87102408D5CA00052B2E /* Release */,
			);
			defaultConfigurationIsVisible = 0;
			defaultConfigurationName = Release;
		};
		E45E87112408D5CA00052B2E /* Build configuration list for PBXNativeTarget "swift-helloworldTests" */ = {
			isa = XCConfigurationList;
			buildConfigurations = (
				E45E87122408D5CA00052B2E /* Debug */,
				E45E87132408D5CA00052B2E /* Release */,
			);
			defaultConfigurationIsVisible = 0;
			defaultConfigurationName = Release;
		};
		E45E87142408D5CA00052B2E /* Build configuration list for PBXNativeTarget "swift-helloworldUITests" */ = {
			isa = XCConfigurationList;
			buildConfigurations = (
				E45E87152408D5CA00052B2E /* Debug */,
				E45E87162408D5CA00052B2E /* Release */,
			);
			defaultConfigurationIsVisible = 0;
			defaultConfigurationName = Release;
		};
/* End XCConfigurationList section */
	};
	rootObject = E45E86DE2408D5C700052B2E /* Project object */;
}
